
Microsoft Visual Studio Solution File, Format Version 12.00
# Visual Studio Version 17
VisualStudioVersion = 17.13.35818.85 d17.13
MinimumVisualStudioVersion = 10.0.40219.1
Project("{FAE04EC0-301F-11D3-BF4B-00C04F79EFBC}") = "WebApplication1", "WebApplication1\WebApplication1.csproj", "{4B34FCEF-5B41-44C9-930D-F8768617B6BB}"
EndProject
Global
	GlobalSection(SolutionConfigurationPlatforms) = preSolution
		Debug|Any CPU = Debug|Any CPU
		Release|Any CPU = Release|Any CPU
	EndGlobalSection
	GlobalSection(ProjectConfigurationPlatforms) = postSolution
		{4B34FCEF-5B41-44C9-930D-F8768617B6BB}.Debug|Any CPU.ActiveCfg = Debug|Any CPU
		{4B34FCEF-5B41-44C9-930D-F8768617B6BB}.Debug|Any CPU.Build.0 = Debug|Any CPU
		{4B34FCEF-5B41-44C9-930D-F8768617B6BB}.Release|Any CPU.ActiveCfg = Release|Any CPU
		{4B34FCEF-5B41-44C9-930D-F8768617B6BB}.Release|Any CPU.Build.0 = Release|Any CPU
	EndGlobalSection
	GlobalSection(SolutionProperties) = preSolution
		HideSolutionNode = FALSE
	EndGlobalSection
	GlobalSection(ExtensibilityGlobals) = postSolution
		SolutionGuid = {094DFB97-794B-43C8-A196-F3051FC61CC7}
	EndGlobalSection
EndGlobal
